// !$*UTF8*$!
{
	archiveVersion = 1;
	classes = {
	};
	objectVersion = 55;
	objects = {

/* Begin PBXBuildFile section */
		992E1E1B27FB3743001CA916 /* WeatherListViewModel.swift in Sources */ = {isa = PBXBuildFile; fileRef = 992E1E1A27FB3743001CA916 /* WeatherListViewModel.swift */; };
		992E1E1D27FB40F0001CA916 /* ChangeUnitViewModel.swift in Sources */ = {isa = PBXBuildFile; fileRef = 992E1E1C27FB40F0001CA916 /* ChangeUnitViewModel.swift */; };
		993B738227F9E3B5001E6850 /* WeatherListCellView.swift in Sources */ = {isa = PBXBuildFile; fileRef = 993B738127F9E3B5001E6850 /* WeatherListCellView.swift */; };
		993B738427F9EF26001E6850 /* Int+Extensions.swift in Sources */ = {isa = PBXBuildFile; fileRef = 993B738327F9EF26001E6850 /* Int+Extensions.swift */; };
		99B0546427F95894003FA77A /* WeatherAppApp.swift in Sources */ = {isa = PBXBuildFile; fileRef = 99B0546327F95894003FA77A /* WeatherAppApp.swift */; };
		99B0546827F95896003FA77A /* Assets.xcassets in Resources */ = {isa = PBXBuildFile; fileRef = 99B0546727F95896003FA77A /* Assets.xcassets */; };
		99B0546B27F95896003FA77A /* Preview Assets.xcassets in Resources */ = {isa = PBXBuildFile; fileRef = 99B0546A27F95896003FA77A /* Preview Assets.xcassets */; };
		99B0547327F96F74003FA77A /* Constants.swift in Sources */ = {isa = PBXBuildFile; fileRef = 99B0547227F96F74003FA77A /* Constants.swift */; };
		99B0547627F9A35A003FA77A /* WeatherListView.swift in Sources */ = {isa = PBXBuildFile; fileRef = 99B0547527F9A35A003FA77A /* WeatherListView.swift */; };
		99B0547927F9A381003FA77A /* Weather.swift in Sources */ = {isa = PBXBuildFile; fileRef = 99B0547827F9A381003FA77A /* Weather.swift */; };
		99B0547B27F9A3C3003FA77A /* AddCityView.swift in Sources */ = {isa = PBXBuildFile; fileRef = 99B0547A27F9A3C3003FA77A /* AddCityView.swift */; };
		99B0547E27F9A3FB003FA77A /* WeatherListScreen.swift in Sources */ = {isa = PBXBuildFile; fileRef = 99B0547D27F9A3FB003FA77A /* WeatherListScreen.swift */; };
		99B0548227F9A417003FA77A /* ChangeUnitScreen.swift in Sources */ = {isa = PBXBuildFile; fileRef = 99B0548127F9A417003FA77A /* ChangeUnitScreen.swift */; };
		99B0548527F9A7CB003FA77A /* WeatherService.swift in Sources */ = {isa = PBXBuildFile; fileRef = 99B0548427F9A7CB003FA77A /* WeatherService.swift */; };
		99B0548827F9A884003FA77A /* URL+Extensions.swift in Sources */ = {isa = PBXBuildFile; fileRef = 99B0548727F9A884003FA77A /* URL+Extensions.swift */; };
		99BC5B3927F9DA6D0079F369 /* AddCityViewModel.swift in Sources */ = {isa = PBXBuildFile; fileRef = 99BC5B3827F9DA6D0079F369 /* AddCityViewModel.swift */; };
/* End PBXBuildFile section */

/* Begin PBXFileReference section */
		992E1E1A27FB3743001CA916 /* WeatherListViewModel.swift */ = {isa = PBXFileReference; lastKnownFileType = sourcecode.swift; path = WeatherListViewModel.swift; sourceTree = "<group>"; };
		992E1E1C27FB40F0001CA916 /* ChangeUnitViewModel.swift */ = {isa = PBXFileReference; lastKnownFileType = sourcecode.swift; path = ChangeUnitViewModel.swift; sourceTree = "<group>"; };
		993B738127F9E3B5001E6850 /* WeatherListCellView.swift */ = {isa = PBXFileReference; lastKnownFileType = sourcecode.swift; path = WeatherListCellView.swift; sourceTree = "<group>"; };
		993B738327F9EF26001E6850 /* Int+Extensions.swift */ = {isa = PBXFileReference; lastKnownFileType = sourcecode.swift; path = "Int+Extensions.swift"; sourceTree = "<group>"; };
		99B0546027F95894003FA77A /* WeatherApp.app */ = {isa = PBXFileReference; explicitFileType = wrapper.application; includeInIndex = 0; path = WeatherApp.app; sourceTree = BUILT_PRODUCTS_DIR; };
		99B0546327F95894003FA77A /* WeatherAppApp.swift */ = {isa = PBXFileReference; lastKnownFileType = sourcecode.swift; path = WeatherAppApp.swift; sourceTree = "<group>"; };
		99B0546727F95896003FA77A /* Assets.xcassets */ = {isa = PBXFileReference; lastKnownFileType = folder.assetcatalog; path = Assets.xcassets; sourceTree = "<group>"; };
		99B0546A27F95896003FA77A /* Preview Assets.xcassets */ = {isa = PBXFileReference; lastKnownFileType = folder.assetcatalog; path = "Preview Assets.xcassets"; sourceTree = "<group>"; };
		99B0547227F96F74003FA77A /* Constants.swift */ = {isa = PBXFileReference; lastKnownFileType = sourcecode.swift; path = Constants.swift; sourceTree = "<group>"; };
		99B0547527F9A35A003FA77A /* WeatherListView.swift */ = {isa = PBXFileReference; lastKnownFileType = sourcecode.swift; path = WeatherListView.swift; sourceTree = "<group>"; };
		99B0547827F9A381003FA77A /* Weather.swift */ = {isa = PBXFileReference; lastKnownFileType = sourcecode.swift; path = Weather.swift; sourceTree = "<group>"; };
		99B0547A27F9A3C3003FA77A /* AddCityView.swift */ = {isa = PBXFileReference; lastKnownFileType = sourcecode.swift; path = AddCityView.swift; sourceTree = "<group>"; };
		99B0547D27F9A3FB003FA77A /* WeatherListScreen.swift */ = {isa = PBXFileReference; lastKnownFileType = sourcecode.swift; path = WeatherListScreen.swift; sourceTree = "<group>"; };
		99B0548127F9A417003FA77A /* ChangeUnitScreen.swift */ = {isa = PBXFileReference; lastKnownFileType = sourcecode.swift; path = ChangeUnitScreen.swift; sourceTree = "<group>"; };
		99B0548427F9A7CB003FA77A /* WeatherService.swift */ = {isa = PBXFileReference; lastKnownFileType = sourcecode.swift; path = WeatherService.swift; sourceTree = "<group>"; };
		99B0548727F9A884003FA77A /* URL+Extensions.swift */ = {isa = PBXFileReference; lastKnownFileType = sourcecode.swift; path = "URL+Extensions.swift"; sourceTree = "<group>"; };
		99BC5B3827F9DA6D0079F369 /* AddCityViewModel.swift */ = {isa = PBXFileReference; lastKnownFileType = sourcecode.swift; path = AddCityViewModel.swift; sourceTree = "<group>"; };
/* End PBXFileReference section */

/* Begin PBXFrameworksBuildPhase section */
		99B0545D27F95894003FA77A /* Frameworks */ = {
			isa = PBXFrameworksBuildPhase;
			buildActionMask = 2147483647;
			files = (
			);
			runOnlyForDeploymentPostprocessing = 0;
		};
/* End PBXFrameworksBuildPhase section */

/* Begin PBXGroup section */
		99B0545727F95894003FA77A = {
			isa = PBXGroup;
			children = (
				99B0546227F95894003FA77A /* WeatherApp */,
				99B0546127F95894003FA77A /* Products */,
			);
			sourceTree = "<group>";
		};
		99B0546127F95894003FA77A /* Products */ = {
			isa = PBXGroup;
			children = (
				99B0546027F95894003FA77A /* WeatherApp.app */,
			);
			name = Products;
			sourceTree = "<group>";
		};
		99B0546227F95894003FA77A /* WeatherApp */ = {
			isa = PBXGroup;
			children = (
				99BC5B3727F9DA5D0079F369 /* ViewModel */,
				99B0548627F9A876003FA77A /* Extensions */,
				99B0548327F9A7BE003FA77A /* Service */,
				99B0547727F9A377003FA77A /* Model */,
				99B0547127F96F62003FA77A /* Constants */,
				99B0547C27F9A3CB003FA77A /* Screens */,
				99B0546327F95894003FA77A /* WeatherAppApp.swift */,
				99B0546727F95896003FA77A /* Assets.xcassets */,
				99B0546927F95896003FA77A /* Preview Content */,
			);
			path = WeatherApp;
			sourceTree = "<group>";
		};
		99B0546927F95896003FA77A /* Preview Content */ = {
			isa = PBXGroup;
			children = (
				99B0546A27F95896003FA77A /* Preview Assets.xcassets */,
			);
			path = "Preview Content";
			sourceTree = "<group>";
		};
		99B0547127F96F62003FA77A /* Constants */ = {
			isa = PBXGroup;
			children = (
				99B0547227F96F74003FA77A /* Constants.swift */,
			);
			path = Constants;
			sourceTree = "<group>";
		};
		99B0547427F9A337003FA77A /* Views */ = {
			isa = PBXGroup;
			children = (
				99B0547527F9A35A003FA77A /* WeatherListView.swift */,
				99B0547A27F9A3C3003FA77A /* AddCityView.swift */,
				993B738127F9E3B5001E6850 /* WeatherListCellView.swift */,
			);
			path = Views;
			sourceTree = "<group>";
		};
		99B0547727F9A377003FA77A /* Model */ = {
			isa = PBXGroup;
			children = (
				99B0547827F9A381003FA77A /* Weather.swift */,
			);
			path = Model;
			sourceTree = "<group>";
		};
		99B0547C27F9A3CB003FA77A /* Screens */ = {
			isa = PBXGroup;
			children = (
				99B0547427F9A337003FA77A /* Views */,
				99B0547D27F9A3FB003FA77A /* WeatherListScreen.swift */,
				99B0548127F9A417003FA77A /* ChangeUnitScreen.swift */,
			);
			path = Screens;
			sourceTree = "<group>";
		};
		99B0548327F9A7BE003FA77A /* Service */ = {
			isa = PBXGroup;
			children = (
				99B0548427F9A7CB003FA77A /* WeatherService.swift */,
			);
			path = Service;
			sourceTree = "<group>";
		};
		99B0548627F9A876003FA77A /* Extensions */ = {
			isa = PBXGroup;
			children = (
				99B0548727F9A884003FA77A /* URL+Extensions.swift */,
				993B738327F9EF26001E6850 /* Int+Extensions.swift */,
			);
			path = Extensions;
			sourceTree = "<group>";
		};
		99BC5B3727F9DA5D0079F369 /* ViewModel */ = {
			isa = PBXGroup;
			children = (
				99BC5B3827F9DA6D0079F369 /* AddCityViewModel.swift */,
				992E1E1A27FB3743001CA916 /* WeatherListViewModel.swift */,
				992E1E1C27FB40F0001CA916 /* ChangeUnitViewModel.swift */,
			);
			path = ViewModel;
			sourceTree = "<group>";
		};
/* End PBXGroup section */

/* Begin PBXNativeTarget section */
		99B0545F27F95894003FA77A /* WeatherApp */ = {
			isa = PBXNativeTarget;
			buildConfigurationList = 99B0546E27F95896003FA77A /* Build configuration list for PBXNativeTarget "WeatherApp" */;
			buildPhases = (
				99B0545C27F95894003FA77A /* Sources */,
				99B0545D27F95894003FA77A /* Frameworks */,
				99B0545E27F95894003FA77A /* Resources */,
			);
			buildRules = (
			);
			dependencies = (
			);
			name = WeatherApp;
			productName = WeatherApp;
			productReference = 99B0546027F95894003FA77A /* WeatherApp.app */;
			productType = "com.apple.product-type.application";
		};
/* End PBXNativeTarget section */

/* Begin PBXProject section */
		99B0545827F95894003FA77A /* Project object */ = {
			isa = PBXProject;
			attributes = {
				BuildIndependentTargetsInParallel = 1;
				LastSwiftUpdateCheck = 1330;
				LastUpgradeCheck = 1330;
				TargetAttributes = {
					99B0545F27F95894003FA77A = {
						CreatedOnToolsVersion = 13.3;
					};
				};
			};
			buildConfigurationList = 99B0545B27F95894003FA77A /* Build configuration list for PBXProject "WeatherApp" */;
			compatibilityVersion = "Xcode 13.0";
			developmentRegion = en;
			hasScannedForEncodings = 0;
			knownRegions = (
				en,
				Base,
			);
			mainGroup = 99B0545727F95894003FA77A;
			productRefGroup = 99B0546127F95894003FA77A /* Products */;
			projectDirPath = "";
			projectRoot = "";
			targets = (
				99B0545F27F95894003FA77A /* WeatherApp */,
			);
		};
/* End PBXProject section */

/* Begin PBXResourcesBuildPhase section */
		99B0545E27F95894003FA77A /* Resources */ = {
			isa = PBXResourcesBuildPhase;
			buildActionMask = 2147483647;
			files = (
				99B0546B27F95896003FA77A /* Preview Assets.xcassets in Resources */,
				99B0546827F95896003FA77A /* Assets.xcassets in Resources */,
			);
			runOnlyForDeploymentPostprocessing = 0;
		};
/* End PBXResourcesBuildPhase section */

/* Begin PBXSourcesBuildPhase section */
		99B0545C27F95894003FA77A /* Sources */ = {
			isa = PBXSourcesBuildPhase;
			buildActionMask = 2147483647;
			files = (
				99B0548527F9A7CB003FA77A /* WeatherService.swift in Sources */,
				99B0547B27F9A3C3003FA77A /* AddCityView.swift in Sources */,
				99B0547927F9A381003FA77A /* Weather.swift in Sources */,
				992E1E1B27FB3743001CA916 /* WeatherListViewModel.swift in Sources */,
				99B0547E27F9A3FB003FA77A /* WeatherListScreen.swift in Sources */,
				99BC5B3927F9DA6D0079F369 /* AddCityViewModel.swift in Sources */,
				99B0546427F95894003FA77A /* WeatherAppApp.swift in Sources */,
				993B738227F9E3B5001E6850 /* WeatherListCellView.swift in Sources */,
				99B0547327F96F74003FA77A /* Constants.swift in Sources */,
				99B0548827F9A884003FA77A /* URL+Extensions.swift in Sources */,
				992E1E1D27FB40F0001CA916 /* ChangeUnitViewModel.swift in Sources */,
				993B738427F9EF26001E6850 /* Int+Extensions.swift in Sources */,
				99B0547627F9A35A003FA77A /* WeatherListView.swift in Sources */,
				99B0548227F9A417003FA77A /* ChangeUnitScreen.swift in Sources */,
			);
			runOnlyForDeploymentPostprocessing = 0;
		};
/* End PBXSourcesBuildPhase section */

/* Begin XCBuildConfiguration section */
		99B0546C27F95896003FA77A /* Debug */ = {
			isa = XCBuildConfiguration;
			buildSettings = {
				ALWAYS_SEARCH_USER_PATHS = NO;
				CLANG_ANALYZER_NONNULL = YES;
				CLANG_ANALYZER_NUMBER_OBJECT_CONVERSION = YES_AGGRESSIVE;
				CLANG_CXX_LANGUAGE_STANDARD = "gnu++17";
				CLANG_ENABLE_MODULES = YES;
				CLANG_ENABLE_OBJC_ARC = YES;
				CLANG_ENABLE_OBJC_WEAK = YES;
				CLANG_WARN_BLOCK_CAPTURE_AUTORELEASING = YES;
				CLANG_WARN_BOOL_CONVERSION = YES;
				CLANG_WARN_COMMA = YES;
				CLANG_WARN_CONSTANT_CONVERSION = YES;
				CLANG_WARN_DEPRECATED_OBJC_IMPLEMENTATIONS = YES;
				CLANG_WARN_DIRECT_OBJC_ISA_USAGE = YES_ERROR;
				CLANG_WARN_DOCUMENTATION_COMMENTS = YES;
				CLANG_WARN_EMPTY_BODY = YES;
				CLANG_WARN_ENUM_CONVERSION = YES;
				CLANG_WARN_INFINITE_RECURSION = YES;
				CLANG_WARN_INT_CONVERSION = YES;
				CLANG_WARN_NON_LITERAL_NULL_CONVERSION = YES;
				CLANG_WARN_OBJC_IMPLICIT_RETAIN_SELF = YES;
				CLANG_WARN_OBJC_LITERAL_CONVERSION = YES;
				CLANG_WARN_OBJC_ROOT_CLASS = YES_ERROR;
				CLANG_WARN_QUOTED_INCLUDE_IN_FRAMEWORK_HEADER = YES;
				CLANG_WARN_RANGE_LOOP_ANALYSIS = YES;
				CLANG_WARN_STRICT_PROTOTYPES = YES;
				CLANG_WARN_SUSPICIOUS_MOVE = YES;
				CLANG_WARN_UNGUARDED_AVAILABILITY = YES_AGGRESSIVE;
				CLANG_WARN_UNREACHABLE_CODE = YES;
				CLANG_WARN__DUPLICATE_METHOD_MATCH = YES;
				COPY_PHASE_STRIP = NO;
				DEBUG_INFORMATION_FORMAT = dwarf;
				ENABLE_STRICT_OBJC_MSGSEND = YES;
				ENABLE_TESTABILITY = YES;
				GCC_C_LANGUAGE_STANDARD = gnu11;
				GCC_DYNAMIC_NO_PIC = NO;
				GCC_NO_COMMON_BLOCKS = YES;
				GCC_OPTIMIZATION_LEVEL = 0;
				GCC_PREPROCESSOR_DEFINITIONS = (
					"DEBUG=1",
					"$(inherited)",
				);
				GCC_WARN_64_TO_32_BIT_CONVERSION = YES;
				GCC_WARN_ABOUT_RETURN_TYPE = YES_ERROR;
				GCC_WARN_UNDECLARED_SELECTOR = YES;
				GCC_WARN_UNINITIALIZED_AUTOS = YES_AGGRESSIVE;
				GCC_WARN_UNUSED_FUNCTION = YES;
				GCC_WARN_UNUSED_VARIABLE = YES;
				IPHONEOS_DEPLOYMENT_TARGET = 15.4;
				MTL_ENABLE_DEBUG_INFO = INCLUDE_SOURCE;
				MTL_FAST_MATH = YES;
				ONLY_ACTIVE_ARCH = YES;
				SDKROOT = iphoneos;
				SWIFT_ACTIVE_COMPILATION_CONDITIONS = DEBUG;
				SWIFT_OPTIMIZATION_LEVEL = "-Onone";
			};
			name = Debug;
		};
		99B0546D27F95896003FA77A /* Release */ = {
			isa = XCBuildConfiguration;
			buildSettings = {
				ALWAYS_SEARCH_USER_PATHS = NO;
				CLANG_ANALYZER_NONNULL = YES;
				CLANG_ANALYZER_NUMBER_OBJECT_CONVERSION = YES_AGGRESSIVE;
				CLANG_CXX_LANGUAGE_STANDARD = "gnu++17";
				CLANG_ENABLE_MODULES = YES;
				CLANG_ENABLE_OBJC_ARC = YES;
				CLANG_ENABLE_OBJC_WEAK = YES;
				CLANG_WARN_BLOCK_CAPTURE_AUTORELEASING = YES;
				CLANG_WARN_BOOL_CONVERSION = YES;
				CLANG_WARN_COMMA = YES;
				CLANG_WARN_CONSTANT_CONVERSION = YES;
				CLANG_WARN_DEPRECATED_OBJC_IMPLEMENTATIONS = YES;
				CLANG_WARN_DIRECT_OBJC_ISA_USAGE = YES_ERROR;
				CLANG_WARN_DOCUMENTATION_COMMENTS = YES;
				CLANG_WARN_EMPTY_BODY = YES;
				CLANG_WARN_ENUM_CONVERSION = YES;
				CLANG_WARN_INFINITE_RECURSION = YES;
				CLANG_WARN_INT_CONVERSION = YES;
				CLANG_WARN_NON_LITERAL_NULL_CONVERSION = YES;
				CLANG_WARN_OBJC_IMPLICIT_RETAIN_SELF = YES;
				CLANG_WARN_OBJC_LITERAL_CONVERSION = YES;
				CLANG_WARN_OBJC_ROOT_CLASS = YES_ERROR;
				CLANG_WARN_QUOTED_INCLUDE_IN_FRAMEWORK_HEADER = YES;
				CLANG_WARN_RANGE_LOOP_ANALYSIS = YES;
				CLANG_WARN_STRICT_PROTOTYPES = YES;
				CLANG_WARN_SUSPICIOUS_MOVE = YES;
				CLANG_WARN_UNGUARDED_AVAILABILITY = YES_AGGRESSIVE;
				CLANG_WARN_UNREACHABLE_CODE = YES;
				CLANG_WARN__DUPLICATE_METHOD_MATCH = YES;
				COPY_PHASE_STRIP = NO;
				DEBUG_INFORMATION_FORMAT = "dwarf-with-dsym";
				ENABLE_NS_ASSERTIONS = NO;
				ENABLE_STRICT_OBJC_MSGSEND = YES;
				GCC_C_LANGUAGE_STANDARD = gnu11;
				GCC_NO_COMMON_BLOCKS = YES;
				GCC_WARN_64_TO_32_BIT_CONVERSION = YES;
				GCC_WARN_ABOUT_RETURN_TYPE = YES_ERROR;
				GCC_WARN_UNDECLARED_SELECTOR = YES;
				GCC_WARN_UNINITIALIZED_AUTOS = YES_AGGRESSIVE;
				GCC_WARN_UNUSED_FUNCTION = YES;
				GCC_WARN_UNUSED_VARIABLE = YES;
				IPHONEOS_DEPLOYMENT_TARGET = 15.4;
				MTL_ENABLE_DEBUG_INFO = NO;
				MTL_FAST_MATH = YES;
				SDKROOT = iphoneos;
				SWIFT_COMPILATION_MODE = wholemodule;
				SWIFT_OPTIMIZATION_LEVEL = "-O";
				VALIDATE_PRODUCT = YES;
			};
			name = Release;
		};
		99B0546F27F95896003FA77A /* Debug */ = {
			isa = XCBuildConfiguration;
			buildSettings = {
				ASSETCATALOG_COMPILER_APPICON_NAME = AppIcon;
				ASSETCATALOG_COMPILER_GLOBAL_ACCENT_COLOR_NAME = AccentColor;
				CODE_SIGN_STYLE = Automatic;
				CURRENT_PROJECT_VERSION = 1;
				DEVELOPMENT_ASSET_PATHS = "\"WeatherApp/Preview Content\"";
				DEVELOPMENT_TEAM = 252A989XMN;
				ENABLE_PREVIEWS = YES;
				GENERATE_INFOPLIST_FILE = YES;
				INFOPLIST_KEY_UIApplicationSceneManifest_Generation = YES;
				INFOPLIST_KEY_UIApplicationSupportsIndirectInputEvents = YES;
				INFOPLIST_KEY_UILaunchScreen_Generation = YES;
				INFOPLIST_KEY_UISupportedInterfaceOrientations_iPad = "UIInterfaceOrientationPortrait UIInterfaceOrientationPortraitUpsideDown UIInterfaceOrientationLandscapeLeft UIInterfaceOrientationLandscapeRight";
				INFOPLIST_KEY_UISupportedInterfaceOrientations_iPhone = "UIInterfaceOrientationPortrait UIInterfaceOrientationLandscapeLeft UIInterfaceOrientationLandscapeRight";
				LD_RUNPATH_SEARCH_PATHS = (
					"$(inherited)",
					"@executable_path/Frameworks",
				);
				MARKETING_VERSION = 1.0;
				PRODUCT_BUNDLE_IDENTIFIER = LeeHsss.WeatherApp;
				PRODUCT_NAME = "$(TARGET_NAME)";
				SWIFT_EMIT_LOC_STRINGS = YES;
				SWIFT_VERSION = 5.0;
				TARGETED_DEVICE_FAMILY = "1,2";
			};
			name = Debug;
		};
		99B0547027F95896003FA77A /* Release */ = {
			isa = XCBuildConfiguration;
			buildSettings = {
				ASSETCATALOG_COMPILER_APPICON_NAME = AppIcon;
				ASSETCATALOG_COMPILER_GLOBAL_ACCENT_COLOR_NAME = AccentColor;
				CODE_SIGN_STYLE = Automatic;
				CURRENT_PROJECT_VERSION = 1;
				DEVELOPMENT_ASSET_PATHS = "\"WeatherApp/Preview Content\"";
				DEVELOPMENT_TEAM = 252A989XMN;
				ENABLE_PREVIEWS = YES;
				GENERATE_INFOPLIST_FILE = YES;
				INFOPLIST_KEY_UIApplicationSceneManifest_Generation = YES;
				INFOPLIST_KEY_UIApplicationSupportsIndirectInputEvents = YES;
				INFOPLIST_KEY_UILaunchScreen_Generation = YES;
				INFOPLIST_KEY_UISupportedInterfaceOrientations_iPad = "UIInterfaceOrientationPortrait UIInterfaceOrientationPortraitUpsideDown UIInterfaceOrientationLandscapeLeft UIInterfaceOrientationLandscapeRight";
				INFOPLIST_KEY_UISupportedInterfaceOrientations_iPhone = "UIInterfaceOrientationPortrait UIInterfaceOrientationLandscapeLeft UIInterfaceOrientationLandscapeRight";
				LD_RUNPATH_SEARCH_PATHS = (
					"$(inherited)",
					"@executable_path/Frameworks",
				);
				MARKETING_VERSION = 1.0;
				PRODUCT_BUNDLE_IDENTIFIER = LeeHsss.WeatherApp;
				PRODUCT_NAME = "$(TARGET_NAME)";
				SWIFT_EMIT_LOC_STRINGS = YES;
				SWIFT_VERSION = 5.0;
				TARGETED_DEVICE_FAMILY = "1,2";
			};
			name = Release;
		};
/* End XCBuildConfiguration section */

/* Begin XCConfigurationList section */
		99B0545B27F95894003FA77A /* Build configuration list for PBXProject "WeatherApp" */ = {
			isa = XCConfigurationList;
			buildConfigurations = (
				99B0546C27F95896003FA77A /* Debug */,
				99B0546D27F95896003FA77A /* Release */,
			);
			defaultConfigurationIsVisible = 0;
			defaultConfigurationName = Release;
		};
		99B0546E27F95896003FA77A /* Build configuration list for PBXNativeTarget "WeatherApp" */ = {
			isa = XCConfigurationList;
			buildConfigurations = (
				99B0546F27F95896003FA77A /* Debug */,
				99B0547027F95896003FA77A /* Release */,
			);
			defaultConfigurationIsVisible = 0;
			defaultConfigurationName = Release;
		};
/* End XCConfigurationList section */
	};
	rootObject = 99B0545827F95894003FA77A /* Project object */;
}
